// !$*UTF8*$!
{
	archiveVersion = 1;
	classes = {
	};
	objectVersion = 50;
	objects = {

/* Begin PBXBuildFile section */
		6A8568062139706C00E8E4F1 /* AppDelegate.swift in Sources */ = {isa = PBXBuildFile; fileRef = 6A8568052139706C00E8E4F1 /* AppDelegate.swift */; };
		6A8568082139706C00E8E4F1 /* ViewController.swift in Sources */ = {isa = PBXBuildFile; fileRef = 6A8568072139706C00E8E4F1 /* ViewController.swift */; };
		6A85680B2139706C00E8E4F1 /* Main.storyboard in Resources */ = {isa = PBXBuildFile; fileRef = 6A8568092139706C00E8E4F1 /* Main.storyboard */; };
		6A85680D2139706E00E8E4F1 /* Assets.xcassets in Resources */ = {isa = PBXBuildFile; fileRef = 6A85680C2139706E00E8E4F1 /* Assets.xcassets */; };
		6A8568102139706E00E8E4F1 /* LaunchScreen.storyboard in Resources */ = {isa = PBXBuildFile; fileRef = 6A85680E2139706E00E8E4F1 /* LaunchScreen.storyboard */; };
		6A85681B2139706E00E8E4F1 /* SkeletonViewTests.swift in Sources */ = {isa = PBXBuildFile; fileRef = 6A85681A2139706E00E8E4F1 /* SkeletonViewTests.swift */; };
/* End PBXBuildFile section */

/* Begin PBXContainerItemProxy section */
		6A8568172139706E00E8E4F1 /* PBXContainerItemProxy */ = {
			isa = PBXContainerItemProxy;
			containerPortal = 6A8567FA2139706C00E8E4F1 /* Project object */;
			proxyType = 1;
			remoteGlobalIDString = 6A8568012139706C00E8E4F1;
			remoteInfo = SkeletonView;
		};
/* End PBXContainerItemProxy section */

/* Begin PBXFileReference section */
		6A8568022139706C00E8E4F1 /* SkeletonView.app */ = {isa = PBXFileReference; explicitFileType = wrapper.application; includeInIndex = 0; path = SkeletonView.app; sourceTree = BUILT_PRODUCTS_DIR; };
		6A8568052139706C00E8E4F1 /* AppDelegate.swift */ = {isa = PBXFileReference; lastKnownFileType = sourcecode.swift; path = AppDelegate.swift; sourceTree = "<group>"; };
		6A8568072139706C00E8E4F1 /* ViewController.swift */ = {isa = PBXFileReference; lastKnownFileType = sourcecode.swift; path = ViewController.swift; sourceTree = "<group>"; };
		6A85680A2139706C00E8E4F1 /* Base */ = {isa = PBXFileReference; lastKnownFileType = file.storyboard; name = Base; path = Base.lproj/Main.storyboard; sourceTree = "<group>"; };
		6A85680C2139706E00E8E4F1 /* Assets.xcassets */ = {isa = PBXFileReference; lastKnownFileType = folder.assetcatalog; path = Assets.xcassets; sourceTree = "<group>"; };
		6A85680F2139706E00E8E4F1 /* Base */ = {isa = PBXFileReference; lastKnownFileType = file.storyboard; name = Base; path = Base.lproj/LaunchScreen.storyboard; sourceTree = "<group>"; };
		6A8568112139706E00E8E4F1 /* Info.plist */ = {isa = PBXFileReference; lastKnownFileType = text.plist.xml; path = Info.plist; sourceTree = "<group>"; };
		6A8568162139706E00E8E4F1 /* SkeletonViewTests.xctest */ = {isa = PBXFileReference; explicitFileType = wrapper.cfbundle; includeInIndex = 0; path = SkeletonViewTests.xctest; sourceTree = BUILT_PRODUCTS_DIR; };
		6A85681A2139706E00E8E4F1 /* SkeletonViewTests.swift */ = {isa = PBXFileReference; lastKnownFileType = sourcecode.swift; path = SkeletonViewTests.swift; sourceTree = "<group>"; };
		6A85681C2139706E00E8E4F1 /* Info.plist */ = {isa = PBXFileReference; lastKnownFileType = text.plist.xml; path = Info.plist; sourceTree = "<group>"; };
/* End PBXFileReference section */

/* Begin PBXFrameworksBuildPhase section */
		6A8567FF2139706C00E8E4F1 /* Frameworks */ = {
			isa = PBXFrameworksBuildPhase;
			buildActionMask = 2147483647;
			files = (
			);
			runOnlyForDeploymentPostprocessing = 0;
		};
		6A8568132139706E00E8E4F1 /* Frameworks */ = {
			isa = PBXFrameworksBuildPhase;
			buildActionMask = 2147483647;
			files = (
			);
			runOnlyForDeploymentPostprocessing = 0;
		};
/* End PBXFrameworksBuildPhase section */

/* Begin PBXGroup section */
		6A8567F92139706C00E8E4F1 = {
			isa = PBXGroup;
			children = (
				6A8568042139706C00E8E4F1 /* SkeletonView */,
				6A8568192139706E00E8E4F1 /* SkeletonViewTests */,
				6A8568032139706C00E8E4F1 /* Products */,
			);
			sourceTree = "<group>";
		};
		6A8568032139706C00E8E4F1 /* Products */ = {
			isa = PBXGroup;
			children = (
				6A8568022139706C00E8E4F1 /* SkeletonView.app */,
				6A8568162139706E00E8E4F1 /* SkeletonViewTests.xctest */,
			);
			name = Products;
			sourceTree = "<group>";
		};
		6A8568042139706C00E8E4F1 /* SkeletonView */ = {
			isa = PBXGroup;
			children = (
				6A8568052139706C00E8E4F1 /* AppDelegate.swift */,
				6A8568072139706C00E8E4F1 /* ViewController.swift */,
				6A856825213970E100E8E4F1 /* Supports */,
			);
			path = SkeletonView;
			sourceTree = "<group>";
		};
		6A8568192139706E00E8E4F1 /* SkeletonViewTests */ = {
			isa = PBXGroup;
			children = (
				6A85681A2139706E00E8E4F1 /* SkeletonViewTests.swift */,
				6A85681C2139706E00E8E4F1 /* Info.plist */,
			);
			path = SkeletonViewTests;
			sourceTree = "<group>";
		};
		6A856825213970E100E8E4F1 /* Supports */ = {
			isa = PBXGroup;
			children = (
				6A8568092139706C00E8E4F1 /* Main.storyboard */,
				6A85680C2139706E00E8E4F1 /* Assets.xcassets */,
				6A85680E2139706E00E8E4F1 /* LaunchScreen.storyboard */,
				6A8568112139706E00E8E4F1 /* Info.plist */,
			);
			name = Supports;
			sourceTree = "<group>";
		};
/* End PBXGroup section */

/* Begin PBXNativeTarget section */
		6A8568012139706C00E8E4F1 /* SkeletonView */ = {
			isa = PBXNativeTarget;
			buildConfigurationList = 6A85681F2139706E00E8E4F1 /* Build configuration list for PBXNativeTarget "SkeletonView" */;
			buildPhases = (
				6A8567FE2139706C00E8E4F1 /* Sources */,
				6A8567FF2139706C00E8E4F1 /* Frameworks */,
				6A8568002139706C00E8E4F1 /* Resources */,
			);
			buildRules = (
			);
			dependencies = (
			);
			name = SkeletonView;
			productName = SkeletonView;
			productReference = 6A8568022139706C00E8E4F1 /* SkeletonView.app */;
			productType = "com.apple.product-type.application";
		};
		6A8568152139706E00E8E4F1 /* SkeletonViewTests */ = {
			isa = PBXNativeTarget;
			buildConfigurationList = 6A8568222139706E00E8E4F1 /* Build configuration list for PBXNativeTarget "SkeletonViewTests" */;
			buildPhases = (
				6A8568122139706E00E8E4F1 /* Sources */,
				6A8568132139706E00E8E4F1 /* Frameworks */,
				6A8568142139706E00E8E4F1 /* Resources */,
			);
			buildRules = (
			);
			dependencies = (
				6A8568182139706E00E8E4F1 /* PBXTargetDependency */,
			);
			name = SkeletonViewTests;
			productName = SkeletonViewTests;
			productReference = 6A8568162139706E00E8E4F1 /* SkeletonViewTests.xctest */;
			productType = "com.apple.product-type.bundle.unit-test";
		};
/* End PBXNativeTarget section */

/* Begin PBXProject section */
		6A8567FA2139706C00E8E4F1 /* Project object */ = {
			isa = PBXProject;
			attributes = {
				LastSwiftUpdateCheck = 0930;
				LastUpgradeCheck = 0930;
				ORGANIZATIONNAME = "TING YEN KUO";
				TargetAttributes = {
					6A8568012139706C00E8E4F1 = {
						CreatedOnToolsVersion = 9.3;
					};
					6A8568152139706E00E8E4F1 = {
						CreatedOnToolsVersion = 9.3;
						TestTargetID = 6A8568012139706C00E8E4F1;
					};
				};
			};
			buildConfigurationList = 6A8567FD2139706C00E8E4F1 /* Build configuration list for PBXProject "SkeletonView" */;
			compatibilityVersion = "Xcode 9.3";
			developmentRegion = en;
			hasScannedForEncodings = 0;
			knownRegions = (
				en,
				Base,
			);
			mainGroup = 6A8567F92139706C00E8E4F1;
			productRefGroup = 6A8568032139706C00E8E4F1 /* Products */;
			projectDirPath = "";
			projectRoot = "";
			targets = (
				6A8568012139706C00E8E4F1 /* SkeletonView */,
				6A8568152139706E00E8E4F1 /* SkeletonViewTests */,
			);
		};
/* End PBXProject section */

/* Begin PBXResourcesBuildPhase section */
		6A8568002139706C00E8E4F1 /* Resources */ = {
			isa = PBXResourcesBuildPhase;
			buildActionMask = 2147483647;
			files = (
				6A8568102139706E00E8E4F1 /* LaunchScreen.storyboard in Resources */,
				6A85680D2139706E00E8E4F1 /* Assets.xcassets in Resources */,
				6A85680B2139706C00E8E4F1 /* Main.storyboard in Resources */,
			);
			runOnlyForDeploymentPostprocessing = 0;
		};
		6A8568142139706E00E8E4F1 /* Resources */ = {
			isa = PBXResourcesBuildPhase;
			buildActionMask = 2147483647;
			files = (
			);
			runOnlyForDeploymentPostprocessing = 0;
		};
/* End PBXResourcesBuildPhase section */

/* Begin PBXSourcesBuildPhase section */
		6A8567FE2139706C00E8E4F1 /* Sources */ = {
			isa = PBXSourcesBuildPhase;
			buildActionMask = 2147483647;
			files = (
				6A8568082139706C00E8E4F1 /* ViewController.swift in Sources */,
				6A8568062139706C00E8E4F1 /* AppDelegate.swift in Sources */,
			);
			runOnlyForDeploymentPostprocessing = 0;
		};
		6A8568122139706E00E8E4F1 /* Sources */ = {
			isa = PBXSourcesBuildPhase;
			buildActionMask = 2147483647;
			files = (
				6A85681B2139706E00E8E4F1 /* SkeletonViewTests.swift in Sources */,
			);
			runOnlyForDeploymentPostprocessing = 0;
		};
/* End PBXSourcesBuildPhase section */

/* Begin PBXTargetDependency section */
		6A8568182139706E00E8E4F1 /* PBXTargetDependency */ = {
			isa = PBXTargetDependency;
			target = 6A8568012139706C00E8E4F1 /* SkeletonView */;
			targetProxy = 6A8568172139706E00E8E4F1 /* PBXContainerItemProxy */;
		};
/* End PBXTargetDependency section */

/* Begin PBXVariantGroup section */
		6A8568092139706C00E8E4F1 /* Main.storyboard */ = {
			isa = PBXVariantGroup;
			children = (
				6A85680A2139706C00E8E4F1 /* Base */,
			);
			name = Main.storyboard;
			sourceTree = "<group>";
		};
		6A85680E2139706E00E8E4F1 /* LaunchScreen.storyboard */ = {
			isa = PBXVariantGroup;
			children = (
				6A85680F2139706E00E8E4F1 /* Base */,
			);
			name = LaunchScreen.storyboard;
			sourceTree = "<group>";
		};
/* End PBXVariantGroup section */

/* Begin XCBuildConfiguration section */
		6A85681D2139706E00E8E4F1 /* Debug */ = {
			isa = XCBuildConfiguration;
			buildSettings = {
				ALWAYS_SEARCH_USER_PATHS = NO;
				CLANG_ANALYZER_NONNULL = YES;
				CLANG_ANALYZER_NUMBER_OBJECT_CONVERSION = YES_AGGRESSIVE;
				CLANG_CXX_LANGUAGE_STANDARD = "gnu++14";
				CLANG_CXX_LIBRARY = "libc++";
				CLANG_ENABLE_MODULES = YES;
				CLANG_ENABLE_OBJC_ARC = YES;
				CLANG_ENABLE_OBJC_WEAK = YES;
				CLANG_WARN_BLOCK_CAPTURE_AUTORELEASING = YES;
				CLANG_WARN_BOOL_CONVERSION = YES;
				CLANG_WARN_COMMA = YES;
				CLANG_WARN_CONSTANT_CONVERSION = YES;
				CLANG_WARN_DEPRECATED_OBJC_IMPLEMENTATIONS = YES;
				CLANG_WARN_DIRECT_OBJC_ISA_USAGE = YES_ERROR;
				CLANG_WARN_DOCUMENTATION_COMMENTS = YES;
				CLANG_WARN_EMPTY_BODY = YES;
				CLANG_WARN_ENUM_CONVERSION = YES;
				CLANG_WARN_INFINITE_RECURSION = YES;
				CLANG_WARN_INT_CONVERSION = YES;
				CLANG_WARN_NON_LITERAL_NULL_CONVERSION = YES;
				CLANG_WARN_OBJC_IMPLICIT_RETAIN_SELF = YES;
				CLANG_WARN_OBJC_LITERAL_CONVERSION = YES;
				CLANG_WARN_OBJC_ROOT_CLASS = YES_ERROR;
				CLANG_WARN_RANGE_LOOP_ANALYSIS = YES;
				CLANG_WARN_STRICT_PROTOTYPES = YES;
				CLANG_WARN_SUSPICIOUS_MOVE = YES;
				CLANG_WARN_UNGUARDED_AVAILABILITY = YES_AGGRESSIVE;
				CLANG_WARN_UNREACHABLE_CODE = YES;
				CLANG_WARN__DUPLICATE_METHOD_MATCH = YES;
				CODE_SIGN_IDENTITY = "iPhone Developer";
				COPY_PHASE_STRIP = NO;
				DEBUG_INFORMATION_FORMAT = dwarf;
				ENABLE_STRICT_OBJC_MSGSEND = YES;
				ENABLE_TESTABILITY = YES;
				GCC_C_LANGUAGE_STANDARD = gnu11;
				GCC_DYNAMIC_NO_PIC = NO;
				GCC_NO_COMMON_BLOCKS = YES;
				GCC_OPTIMIZATION_LEVEL = 0;
				GCC_PREPROCESSOR_DEFINITIONS = (
					"DEBUG=1",
					"$(inherited)",
				);
				GCC_WARN_64_TO_32_BIT_CONVERSION = YES;
				GCC_WARN_ABOUT_RETURN_TYPE = YES_ERROR;
				GCC_WARN_UNDECLARED_SELECTOR = YES;
				GCC_WARN_UNINITIALIZED_AUTOS = YES_AGGRESSIVE;
				GCC_WARN_UNUSED_FUNCTION = YES;
				GCC_WARN_UNUSED_VARIABLE = YES;
				IPHONEOS_DEPLOYMENT_TARGET = 11.3;
				MTL_ENABLE_DEBUG_INFO = YES;
				ONLY_ACTIVE_ARCH = YES;
				SDKROOT = iphoneos;
				SWIFT_ACTIVE_COMPILATION_CONDITIONS = DEBUG;
				SWIFT_OPTIMIZATION_LEVEL = "-Onone";
			};
			name = Debug;
		};
		6A85681E2139706E00E8E4F1 /* Release */ = {
			isa = XCBuildConfiguration;
			buildSettings = {
				ALWAYS_SEARCH_USER_PATHS = NO;
				CLANG_ANALYZER_NONNULL = YES;
				CLANG_ANALYZER_NUMBER_OBJECT_CONVERSION = YES_AGGRESSIVE;
				CLANG_CXX_LANGUAGE_STANDARD = "gnu++14";
				CLANG_CXX_LIBRARY = "libc++";
				CLANG_ENABLE_MODULES = YES;
				CLANG_ENABLE_OBJC_ARC = YES;
				CLANG_ENABLE_OBJC_WEAK = YES;
				CLANG_WARN_BLOCK_CAPTURE_AUTORELEASING = YES;
				CLANG_WARN_BOOL_CONVERSION = YES;
				CLANG_WARN_COMMA = YES;
				CLANG_WARN_CONSTANT_CONVERSION = YES;
				CLANG_WARN_DEPRECATED_OBJC_IMPLEMENTATIONS = YES;
				CLANG_WARN_DIRECT_OBJC_ISA_USAGE = YES_ERROR;
				CLANG_WARN_DOCUMENTATION_COMMENTS = YES;
				CLANG_WARN_EMPTY_BODY = YES;
				CLANG_WARN_ENUM_CONVERSION = YES;
				CLANG_WARN_INFINITE_RECURSION = YES;
				CLANG_WARN_INT_CONVERSION = YES;
				CLANG_WARN_NON_LITERAL_NULL_CONVERSION = YES;
				CLANG_WARN_OBJC_IMPLICIT_RETAIN_SELF = YES;
				CLANG_WARN_OBJC_LITERAL_CONVERSION = YES;
				CLANG_WARN_OBJC_ROOT_CLASS = YES_ERROR;
				CLANG_WARN_RANGE_LOOP_ANALYSIS = YES;
				CLANG_WARN_STRICT_PROTOTYPES = YES;
				CLANG_WARN_SUSPICIOUS_MOVE = YES;
				CLANG_WARN_UNGUARDED_AVAILABILITY = YES_AGGRESSIVE;
				CLANG_WARN_UNREACHABLE_CODE = YES;
				CLANG_WARN__DUPLICATE_METHOD_MATCH = YES;
				CODE_SIGN_IDENTITY = "iPhone Developer";
				COPY_PHASE_STRIP = NO;
				DEBUG_INFORMATION_FORMAT = "dwarf-with-dsym";
				ENABLE_NS_ASSERTIONS = NO;
				ENABLE_STRICT_OBJC_MSGSEND = YES;
				GCC_C_LANGUAGE_STANDARD = gnu11;
				GCC_NO_COMMON_BLOCKS = YES;
				GCC_WARN_64_TO_32_BIT_CONVERSION = YES;
				GCC_WARN_ABOUT_RETURN_TYPE = YES_ERROR;
				GCC_WARN_UNDECLARED_SELECTOR = YES;
				GCC_WARN_UNINITIALIZED_AUTOS = YES_AGGRESSIVE;
				GCC_WARN_UNUSED_FUNCTION = YES;
				GCC_WARN_UNUSED_VARIABLE = YES;
				IPHONEOS_DEPLOYMENT_TARGET = 11.3;
				MTL_ENABLE_DEBUG_INFO = NO;
				SDKROOT = iphoneos;
				SWIFT_COMPILATION_MODE = wholemodule;
				SWIFT_OPTIMIZATION_LEVEL = "-O";
				VALIDATE_PRODUCT = YES;
			};
			name = Release;
		};
		6A8568202139706E00E8E4F1 /* Debug */ = {
			isa = XCBuildConfiguration;
			buildSettings = {
				ASSETCATALOG_COMPILER_APPICON_NAME = AppIcon;
				CODE_SIGN_STYLE = Automatic;
				DEVELOPMENT_TEAM = 49X9D2W8KH;
				INFOPLIST_FILE = SkeletonView/Info.plist;
				LD_RUNPATH_SEARCH_PATHS = (
					"$(inherited)",
					"@executable_path/Frameworks",
				);
				PRODUCT_BUNDLE_IDENTIFIER = com.wk.SkeletonView;
				PRODUCT_NAME = "$(TARGET_NAME)";
				SWIFT_VERSION = 4.0;
				TARGETED_DEVICE_FAMILY = "1,2";
			};
			name = Debug;
		};
		6A8568212139706E00E8E4F1 /* Release */ = {
			isa = XCBuildConfiguration;
			buildSettings = {
				ASSETCATALOG_COMPILER_APPICON_NAME = AppIcon;
				CODE_SIGN_STYLE = Automatic;
				DEVELOPMENT_TEAM = 49X9D2W8KH;
				INFOPLIST_FILE = SkeletonView/Info.plist;
				LD_RUNPATH_SEARCH_PATHS = (
					"$(inherited)",
					"@executable_path/Frameworks",
				);
				PRODUCT_BUNDLE_IDENTIFIER = com.wk.SkeletonView;
				PRODUCT_NAME = "$(TARGET_NAME)";
				SWIFT_VERSION = 4.0;
				TARGETED_DEVICE_FAMILY = "1,2";
			};
			name = Release;
		};
		6A8568232139706E00E8E4F1 /* Debug */ = {
			isa = XCBuildConfiguration;
			buildSettings = {
				ALWAYS_EMBED_SWIFT_STANDARD_LIBRARIES = YES;
				BUNDLE_LOADER = "$(TEST_HOST)";
				CODE_SIGN_STYLE = Automatic;
				DEVELOPMENT_TEAM = 49X9D2W8KH;
				INFOPLIST_FILE = SkeletonViewTests/Info.plist;
				LD_RUNPATH_SEARCH_PATHS = (
					"$(inherited)",
					"@executable_path/Frameworks",
					"@loader_path/Frameworks",
				);
				PRODUCT_BUNDLE_IDENTIFIER = com.wk.SkeletonViewTests;
				PRODUCT_NAME = "$(TARGET_NAME)";
				SWIFT_VERSION = 4.0;
				TARGETED_DEVICE_FAMILY = "1,2";
				TEST_HOST = "$(BUILT_PRODUCTS_DIR)/SkeletonView.app/SkeletonView";
			};
			name = Debug;
		};
		6A8568242139706E00E8E4F1 /* Release */ = {
			isa = XCBuildConfiguration;
			buildSettings = {
				ALWAYS_EMBED_SWIFT_STANDARD_LIBRARIES = YES;
				BUNDLE_LOADER = "$(TEST_HOST)";
				CODE_SIGN_STYLE = Automatic;
				DEVELOPMENT_TEAM = 49X9D2W8KH;
				INFOPLIST_FILE = SkeletonViewTests/Info.plist;
				LD_RUNPATH_SEARCH_PATHS = (
					"$(inherited)",
					"@executable_path/Frameworks",
					"@loader_path/Frameworks",
				);
				PRODUCT_BUNDLE_IDENTIFIER = com.wk.SkeletonViewTests;
				PRODUCT_NAME = "$(TARGET_NAME)";
				SWIFT_VERSION = 4.0;
				TARGETED_DEVICE_FAMILY = "1,2";
				TEST_HOST = "$(BUILT_PRODUCTS_DIR)/SkeletonView.app/SkeletonView";
			};
			name = Release;
		};
/* End XCBuildConfiguration section */

/* Begin XCConfigurationList section */
		6A8567FD2139706C00E8E4F1 /* Build configuration list for PBXProject "SkeletonView" */ = {
			isa = XCConfigurationList;
			buildConfigurations = (
				6A85681D2139706E00E8E4F1 /* Debug */,
				6A85681E2139706E00E8E4F1 /* Release */,
			);
			defaultConfigurationIsVisible = 0;
			defaultConfigurationName = Release;
		};
		6A85681F2139706E00E8E4F1 /* Build configuration list for PBXNativeTarget "SkeletonView" */ = {
			isa = XCConfigurationList;
			buildConfigurations = (
				6A8568202139706E00E8E4F1 /* Debug */,
				6A8568212139706E00E8E4F1 /* Release */,
			);
			defaultConfigurationIsVisible = 0;
			defaultConfigurationName = Release;
		};
		6A8568222139706E00E8E4F1 /* Build configuration list for PBXNativeTarget "SkeletonViewTests" */ = {
			isa = XCConfigurationList;
			buildConfigurations = (
				6A8568232139706E00E8E4F1 /* Debug */,
				6A8568242139706E00E8E4F1 /* Release */,
			);
			defaultConfigurationIsVisible = 0;
			defaultConfigurationName = Release;
		};
/* End XCConfigurationList section */
	};
	rootObject = 6A8567FA2139706C00E8E4F1 /* Project object */;
}
